
Microsoft Visual Studio Solution File, Format Version 12.00
# Visual Studio Version 17
VisualStudioVersion = 17.14.36705.20 d17.14
MinimumVisualStudioVersion = 10.0.40219.1
Project("{FAE04EC0-301F-11D3-BF4B-00C04F79EFBC}") = "DOAN_Nhom3", "DOAN_Nhom3\DOAN_Nhom3.csproj", "{9A96E380-190B-4842-9C39-DA70E70E3B18}"
EndProject
Global
	GlobalSection(SolutionConfigurationPlatforms) = preSolution
		Debug|Any CPU = Debug|Any CPU
		Release|Any CPU = Release|Any CPU
	EndGlobalSection
	GlobalSection(ProjectConfigurationPlatforms) = postSolution
		{9A96E380-190B-4842-9C39-DA70E70E3B18}.Debug|Any CPU.ActiveCfg = Debug|Any CPU
		{9A96E380-190B-4842-9C39-DA70E70E3B18}.Debug|Any CPU.Build.0 = Debug|Any CPU
		{9A96E380-190B-4842-9C39-DA70E70E3B18}.Release|Any CPU.ActiveCfg = Release|Any CPU
		{9A96E380-190B-4842-9C39-DA70E70E3B18}.Release|Any CPU.Build.0 = Release|Any CPU
	EndGlobalSection
	GlobalSection(SolutionProperties) = preSolution
		HideSolutionNode = FALSE
	EndGlobalSection
	GlobalSection(ExtensibilityGlobals) = postSolution
		SolutionGuid = {3C2B19A9-B571-4B87-A875-D4C517F145E6}
	EndGlobalSection
EndGlobal
